
Microsoft Visual Studio Solution File, Format Version 12.00
# Visual Studio Version 17
VisualStudioVersion = 17.6.33723.286
MinimumVisualStudioVersion = 10.0.40219.1
Project("{9A19103F-16F7-4668-BE54-9A1E7A4F7556}") = "HomeWork_Lesson7_Task3_2", "HomeWork_Lesson7_Task3_2.csproj", "{1D72392B-34C2-46BF-8405-4B8F05E1FEE2}"
EndProject
Global
	GlobalSection(SolutionConfigurationPlatforms) = preSolution
		Debug|Any CPU = Debug|Any CPU
		Release|Any CPU = Release|Any CPU
	EndGlobalSection
	GlobalSection(ProjectConfigurationPlatforms) = postSolution
		{1D72392B-34C2-46BF-8405-4B8F05E1FEE2}.Debug|Any CPU.ActiveCfg = Debug|Any CPU
		{1D72392B-34C2-46BF-8405-4B8F05E1FEE2}.Debug|Any CPU.Build.0 = Debug|Any CPU
		{1D72392B-34C2-46BF-8405-4B8F05E1FEE2}.Release|Any CPU.ActiveCfg = Release|Any CPU
		{1D72392B-34C2-46BF-8405-4B8F05E1FEE2}.Release|Any CPU.Build.0 = Release|Any CPU
	EndGlobalSection
	GlobalSection(SolutionProperties) = preSolution
		HideSolutionNode = FALSE
	EndGlobalSection
	GlobalSection(ExtensibilityGlobals) = postSolution
		SolutionGuid = {A19DC966-77DE-47CE-8633-6E6067BC2E7E}
	EndGlobalSection
EndGlobal
